uuid: 56e1bbc8-dbaa-47f9-8f30-f12fdfec7981
langcode: en
status: true
dependencies:
  config:
    - block_content.type.brochure_block
  module:
    - content_translation
third_party_settings:
  content_translation:
    enabled: true
    bundle_settings:
      untranslatable_fields_hide: '0'
id: block_content.brochure_block
target_entity_type_id: block_content
target_bundle: brochure_block
default_langcode: site_default
language_alterable: true
